{
  "name": "desafio-aula",
  "version": "1.1.0",
  "lockfileVersion": 3,
  "requires": true,
  "packages": {
    "": {
      "name": "desafio-aula",
      "version": "1.1.0",
      "license": "ISC",
      "dependencies": {
        "aula": "file:",
        "desafio-aula": "file:"
      }
    },
    "node_modules/aula": {
      "resolved": "",
      "link": true
    },
    "node_modules/desafio-aula": {
      "resolved": "",
      "link": true
    }
  }
}
